// !$*UTF8*$!
{
	archiveVersion = 1;
	classes = {
	};
	objectVersion = 51;
	objects = {

/* Begin PBXBuildFile section */
		CB2E8479C7696257C34164BE /* Pods_Diabestie.framework in Frameworks */ = {isa = PBXBuildFile; fileRef = 26158C9391C98BC6A2825F43 /* Pods_Diabestie.framework */; };
		CF4AC95924D3941200275A88 /* AppDelegate.swift in Sources */ = {isa = PBXBuildFile; fileRef = CF4AC95824D3941200275A88 /* AppDelegate.swift */; };
		CF4AC95B24D3941200275A88 /* SceneDelegate.swift in Sources */ = {isa = PBXBuildFile; fileRef = CF4AC95A24D3941200275A88 /* SceneDelegate.swift */; };
		CF4AC96024D3941200275A88 /* Main.storyboard in Resources */ = {isa = PBXBuildFile; fileRef = CF4AC95E24D3941200275A88 /* Main.storyboard */; };
		CF4AC96224D3941800275A88 /* Assets.xcassets in Resources */ = {isa = PBXBuildFile; fileRef = CF4AC96124D3941800275A88 /* Assets.xcassets */; };
		CF4AC96524D3941800275A88 /* LaunchScreen.storyboard in Resources */ = {isa = PBXBuildFile; fileRef = CF4AC96324D3941800275A88 /* LaunchScreen.storyboard */; };
		CF86213F25367E1200427FB7 /* Coordinator.swift in Sources */ = {isa = PBXBuildFile; fileRef = CF86213E25367E1200427FB7 /* Coordinator.swift */; };
		CF86214225367E2400427FB7 /* TabBarCoordinator.swift in Sources */ = {isa = PBXBuildFile; fileRef = CF86214125367E2400427FB7 /* TabBarCoordinator.swift */; };
		CF86214525367F8300427FB7 /* CalculatorController.swift in Sources */ = {isa = PBXBuildFile; fileRef = CF86214425367F8300427FB7 /* CalculatorController.swift */; };
		CF86214825367F8D00427FB7 /* ProfileController.swift in Sources */ = {isa = PBXBuildFile; fileRef = CF86214725367F8D00427FB7 /* ProfileController.swift */; };
		CF86214C2536868300427FB7 /* UIColor+AppColors.swift in Sources */ = {isa = PBXBuildFile; fileRef = CF86214B2536868300427FB7 /* UIColor+AppColors.swift */; };
		CF8621502537A73200427FB7 /* UnderlinedTextField.swift in Sources */ = {isa = PBXBuildFile; fileRef = CF86214F2537A73200427FB7 /* UnderlinedTextField.swift */; };
		CF8621532537A85100427FB7 /* StackViewWithLabel+TextField.swift in Sources */ = {isa = PBXBuildFile; fileRef = CF8621522537A85100427FB7 /* StackViewWithLabel+TextField.swift */; };
		CF8621582537B45500427FB7 /* Constants.swift in Sources */ = {isa = PBXBuildFile; fileRef = CF8621572537B45500427FB7 /* Constants.swift */; };
		CF86215B2537B58100427FB7 /* CarbRatioCell.swift in Sources */ = {isa = PBXBuildFile; fileRef = CF86215A2537B58100427FB7 /* CarbRatioCell.swift */; };
		CF86215E2537CD7A00427FB7 /* SetCarbRatiosController.swift in Sources */ = {isa = PBXBuildFile; fileRef = CF86215D2537CD7900427FB7 /* SetCarbRatiosController.swift */; };
/* End PBXBuildFile section */

/* Begin PBXFileReference section */
		26158C9391C98BC6A2825F43 /* Pods_Diabestie.framework */ = {isa = PBXFileReference; explicitFileType = wrapper.framework; includeInIndex = 0; path = Pods_Diabestie.framework; sourceTree = BUILT_PRODUCTS_DIR; };
		91E991E95A4DC180C9DEAEC2 /* Pods-Diabestie.debug.xcconfig */ = {isa = PBXFileReference; includeInIndex = 1; lastKnownFileType = text.xcconfig; name = "Pods-Diabestie.debug.xcconfig"; path = "Target Support Files/Pods-Diabestie/Pods-Diabestie.debug.xcconfig"; sourceTree = "<group>"; };
		99AC9C144339E417CCD8D41B /* Pods-Diabestie.release.xcconfig */ = {isa = PBXFileReference; includeInIndex = 1; lastKnownFileType = text.xcconfig; name = "Pods-Diabestie.release.xcconfig"; path = "Target Support Files/Pods-Diabestie/Pods-Diabestie.release.xcconfig"; sourceTree = "<group>"; };
		CF4AC95524D3941200275A88 /* Diabestie.app */ = {isa = PBXFileReference; explicitFileType = wrapper.application; includeInIndex = 0; path = Diabestie.app; sourceTree = BUILT_PRODUCTS_DIR; };
		CF4AC95824D3941200275A88 /* AppDelegate.swift */ = {isa = PBXFileReference; lastKnownFileType = sourcecode.swift; path = AppDelegate.swift; sourceTree = "<group>"; };
		CF4AC95A24D3941200275A88 /* SceneDelegate.swift */ = {isa = PBXFileReference; lastKnownFileType = sourcecode.swift; path = SceneDelegate.swift; sourceTree = "<group>"; };
		CF4AC95F24D3941200275A88 /* Base */ = {isa = PBXFileReference; lastKnownFileType = file.storyboard; name = Base; path = Base.lproj/Main.storyboard; sourceTree = "<group>"; };
		CF4AC96124D3941800275A88 /* Assets.xcassets */ = {isa = PBXFileReference; lastKnownFileType = folder.assetcatalog; path = Assets.xcassets; sourceTree = "<group>"; };
		CF4AC96424D3941800275A88 /* Base */ = {isa = PBXFileReference; lastKnownFileType = file.storyboard; name = Base; path = Base.lproj/LaunchScreen.storyboard; sourceTree = "<group>"; };
		CF4AC96624D3941800275A88 /* Info.plist */ = {isa = PBXFileReference; lastKnownFileType = text.plist.xml; path = Info.plist; sourceTree = "<group>"; };
		CF86213E25367E1200427FB7 /* Coordinator.swift */ = {isa = PBXFileReference; lastKnownFileType = sourcecode.swift; path = Coordinator.swift; sourceTree = "<group>"; };
		CF86214125367E2400427FB7 /* TabBarCoordinator.swift */ = {isa = PBXFileReference; lastKnownFileType = sourcecode.swift; path = TabBarCoordinator.swift; sourceTree = "<group>"; };
		CF86214425367F8300427FB7 /* CalculatorController.swift */ = {isa = PBXFileReference; lastKnownFileType = sourcecode.swift; path = CalculatorController.swift; sourceTree = "<group>"; };
		CF86214725367F8D00427FB7 /* ProfileController.swift */ = {isa = PBXFileReference; lastKnownFileType = sourcecode.swift; path = ProfileController.swift; sourceTree = "<group>"; };
		CF86214B2536868300427FB7 /* UIColor+AppColors.swift */ = {isa = PBXFileReference; lastKnownFileType = sourcecode.swift; path = "UIColor+AppColors.swift"; sourceTree = "<group>"; };
		CF86214F2537A73200427FB7 /* UnderlinedTextField.swift */ = {isa = PBXFileReference; lastKnownFileType = sourcecode.swift; path = UnderlinedTextField.swift; sourceTree = "<group>"; };
		CF8621522537A85100427FB7 /* StackViewWithLabel+TextField.swift */ = {isa = PBXFileReference; lastKnownFileType = sourcecode.swift; path = "StackViewWithLabel+TextField.swift"; sourceTree = "<group>"; };
		CF8621572537B45500427FB7 /* Constants.swift */ = {isa = PBXFileReference; lastKnownFileType = sourcecode.swift; path = Constants.swift; sourceTree = "<group>"; };
		CF86215A2537B58100427FB7 /* CarbRatioCell.swift */ = {isa = PBXFileReference; lastKnownFileType = sourcecode.swift; path = CarbRatioCell.swift; sourceTree = "<group>"; };
		CF86215D2537CD7900427FB7 /* SetCarbRatiosController.swift */ = {isa = PBXFileReference; lastKnownFileType = sourcecode.swift; path = SetCarbRatiosController.swift; sourceTree = "<group>"; };
/* End PBXFileReference section */

/* Begin PBXFrameworksBuildPhase section */
		CF4AC95224D3941200275A88 /* Frameworks */ = {
			isa = PBXFrameworksBuildPhase;
			buildActionMask = 2147483647;
			files = (
				CB2E8479C7696257C34164BE /* Pods_Diabestie.framework in Frameworks */,
			);
			runOnlyForDeploymentPostprocessing = 0;
		};
/* End PBXFrameworksBuildPhase section */

/* Begin PBXGroup section */
		153339B903B86ECE6FD79DC7 /* Pods */ = {
			isa = PBXGroup;
			children = (
				91E991E95A4DC180C9DEAEC2 /* Pods-Diabestie.debug.xcconfig */,
				99AC9C144339E417CCD8D41B /* Pods-Diabestie.release.xcconfig */,
			);
			path = Pods;
			sourceTree = "<group>";
		};
		64ADDC8296F82F7C5890EAEE /* Frameworks */ = {
			isa = PBXGroup;
			children = (
				26158C9391C98BC6A2825F43 /* Pods_Diabestie.framework */,
			);
			name = Frameworks;
			sourceTree = "<group>";
		};
		CF4AC94C24D3941200275A88 = {
			isa = PBXGroup;
			children = (
				CF4AC95724D3941200275A88 /* Diabestie */,
				CF4AC95624D3941200275A88 /* Products */,
				153339B903B86ECE6FD79DC7 /* Pods */,
				64ADDC8296F82F7C5890EAEE /* Frameworks */,
			);
			sourceTree = "<group>";
		};
		CF4AC95624D3941200275A88 /* Products */ = {
			isa = PBXGroup;
			children = (
				CF4AC95524D3941200275A88 /* Diabestie.app */,
			);
			name = Products;
			sourceTree = "<group>";
		};
		CF4AC95724D3941200275A88 /* Diabestie */ = {
			isa = PBXGroup;
			children = (
				CF4AC96624D3941800275A88 /* Info.plist */,
				CF4AC95824D3941200275A88 /* AppDelegate.swift */,
				CF4AC95A24D3941200275A88 /* SceneDelegate.swift */,
				CF86213C25367B3D00427FB7 /* Models */,
				CF86213B25367B3800427FB7 /* Views */,
				CF86213A25367B3200427FB7 /* Controllers */,
				CF86213925367B2B00427FB7 /* Coordinators */,
				CF86213725367B1800427FB7 /* Resources */,
				CF86213625367B0700427FB7 /* Supporting Files */,
				CF86214A2536865500427FB7 /* Helpers */,
			);
			path = Diabestie;
			sourceTree = "<group>";
		};
		CF86213625367B0700427FB7 /* Supporting Files */ = {
			isa = PBXGroup;
			children = (
				CF4AC95E24D3941200275A88 /* Main.storyboard */,
				CF4AC96324D3941800275A88 /* LaunchScreen.storyboard */,
			);
			path = "Supporting Files";
			sourceTree = "<group>";
		};
		CF86213725367B1800427FB7 /* Resources */ = {
			isa = PBXGroup;
			children = (
				CF4AC96124D3941800275A88 /* Assets.xcassets */,
			);
			path = Resources;
			sourceTree = "<group>";
		};
		CF86213825367B2400427FB7 /* Extensions */ = {
			isa = PBXGroup;
			children = (
				CF86214B2536868300427FB7 /* UIColor+AppColors.swift */,
			);
			path = Extensions;
			sourceTree = "<group>";
		};
		CF86213925367B2B00427FB7 /* Coordinators */ = {
			isa = PBXGroup;
			children = (
				CF86213E25367E1200427FB7 /* Coordinator.swift */,
				CF86214125367E2400427FB7 /* TabBarCoordinator.swift */,
			);
			path = Coordinators;
			sourceTree = "<group>";
		};
		CF86213A25367B3200427FB7 /* Controllers */ = {
			isa = PBXGroup;
			children = (
				CF86214425367F8300427FB7 /* CalculatorController.swift */,
				CF86214725367F8D00427FB7 /* ProfileController.swift */,
				CF86215D2537CD7900427FB7 /* SetCarbRatiosController.swift */,
			);
			path = Controllers;
			sourceTree = "<group>";
		};
		CF86213B25367B3800427FB7 /* Views */ = {
			isa = PBXGroup;
			children = (
				CF86214F2537A73200427FB7 /* UnderlinedTextField.swift */,
				CF8621522537A85100427FB7 /* StackViewWithLabel+TextField.swift */,
				CF86215A2537B58100427FB7 /* CarbRatioCell.swift */,
			);
			path = Views;
			sourceTree = "<group>";
		};
		CF86213C25367B3D00427FB7 /* Models */ = {
			isa = PBXGroup;
			children = (
			);
			path = Models;
			sourceTree = "<group>";
		};
		CF86214A2536865500427FB7 /* Helpers */ = {
			isa = PBXGroup;
			children = (
				CF86213825367B2400427FB7 /* Extensions */,
				CF8621572537B45500427FB7 /* Constants.swift */,
			);
			path = Helpers;
			sourceTree = "<group>";
		};
/* End PBXGroup section */

/* Begin PBXNativeTarget section */
		CF4AC95424D3941200275A88 /* Diabestie */ = {
			isa = PBXNativeTarget;
			buildConfigurationList = CF4AC96924D3941800275A88 /* Build configuration list for PBXNativeTarget "Diabestie" */;
			buildPhases = (
				5BAF50637EBFDB5E3EC78B32 /* [CP] Check Pods Manifest.lock */,
				CF4AC95124D3941200275A88 /* Sources */,
				CF4AC95224D3941200275A88 /* Frameworks */,
				CF4AC95324D3941200275A88 /* Resources */,
				FD46A6AAB2FC2CD917A5B871 /* [CP] Embed Pods Frameworks */,
			);
			buildRules = (
			);
			dependencies = (
			);
			name = Diabestie;
			productName = Diabestie;
			productReference = CF4AC95524D3941200275A88 /* Diabestie.app */;
			productType = "com.apple.product-type.application";
		};
/* End PBXNativeTarget section */

/* Begin PBXProject section */
		CF4AC94D24D3941200275A88 /* Project object */ = {
			isa = PBXProject;
			attributes = {
				LastSwiftUpdateCheck = 1130;
				LastUpgradeCheck = 1130;
				ORGANIZATIONNAME = "Anika Morris";
				TargetAttributes = {
					CF4AC95424D3941200275A88 = {
						CreatedOnToolsVersion = 11.3.1;
					};
				};
			};
			buildConfigurationList = CF4AC95024D3941200275A88 /* Build configuration list for PBXProject "Diabestie" */;
			compatibilityVersion = "Xcode 9.3";
			developmentRegion = en;
			hasScannedForEncodings = 0;
			knownRegions = (
				en,
				Base,
			);
			mainGroup = CF4AC94C24D3941200275A88;
			productRefGroup = CF4AC95624D3941200275A88 /* Products */;
			projectDirPath = "";
			projectRoot = "";
			targets = (
				CF4AC95424D3941200275A88 /* Diabestie */,
			);
		};
/* End PBXProject section */

/* Begin PBXResourcesBuildPhase section */
		CF4AC95324D3941200275A88 /* Resources */ = {
			isa = PBXResourcesBuildPhase;
			buildActionMask = 2147483647;
			files = (
				CF4AC96524D3941800275A88 /* LaunchScreen.storyboard in Resources */,
				CF4AC96224D3941800275A88 /* Assets.xcassets in Resources */,
				CF4AC96024D3941200275A88 /* Main.storyboard in Resources */,
			);
			runOnlyForDeploymentPostprocessing = 0;
		};
/* End PBXResourcesBuildPhase section */

/* Begin PBXShellScriptBuildPhase section */
		5BAF50637EBFDB5E3EC78B32 /* [CP] Check Pods Manifest.lock */ = {
			isa = PBXShellScriptBuildPhase;
			buildActionMask = 2147483647;
			files = (
			);
			inputFileListPaths = (
			);
			inputPaths = (
				"${PODS_PODFILE_DIR_PATH}/Podfile.lock",
				"${PODS_ROOT}/Manifest.lock",
			);
			name = "[CP] Check Pods Manifest.lock";
			outputFileListPaths = (
			);
			outputPaths = (
				"$(DERIVED_FILE_DIR)/Pods-Diabestie-checkManifestLockResult.txt",
			);
			runOnlyForDeploymentPostprocessing = 0;
			shellPath = /bin/sh;
			shellScript = "diff \"${PODS_PODFILE_DIR_PATH}/Podfile.lock\" \"${PODS_ROOT}/Manifest.lock\" > /dev/null\nif [ $? != 0 ] ; then\n    # print error to STDERR\n    echo \"error: The sandbox is not in sync with the Podfile.lock. Run 'pod install' or update your CocoaPods installation.\" >&2\n    exit 1\nfi\n# This output is used by Xcode 'outputs' to avoid re-running this script phase.\necho \"SUCCESS\" > \"${SCRIPT_OUTPUT_FILE_0}\"\n";
			showEnvVarsInLog = 0;
		};
		FD46A6AAB2FC2CD917A5B871 /* [CP] Embed Pods Frameworks */ = {
			isa = PBXShellScriptBuildPhase;
			buildActionMask = 2147483647;
			files = (
			);
			inputFileListPaths = (
				"${PODS_ROOT}/Target Support Files/Pods-Diabestie/Pods-Diabestie-frameworks-${CONFIGURATION}-input-files.xcfilelist",
			);
			name = "[CP] Embed Pods Frameworks";
			outputFileListPaths = (
				"${PODS_ROOT}/Target Support Files/Pods-Diabestie/Pods-Diabestie-frameworks-${CONFIGURATION}-output-files.xcfilelist",
			);
			runOnlyForDeploymentPostprocessing = 0;
			shellPath = /bin/sh;
			shellScript = "\"${PODS_ROOT}/Target Support Files/Pods-Diabestie/Pods-Diabestie-frameworks.sh\"\n";
			showEnvVarsInLog = 0;
		};
/* End PBXShellScriptBuildPhase section */

/* Begin PBXSourcesBuildPhase section */
		CF4AC95124D3941200275A88 /* Sources */ = {
			isa = PBXSourcesBuildPhase;
			buildActionMask = 2147483647;
			files = (
				CF8621532537A85100427FB7 /* StackViewWithLabel+TextField.swift in Sources */,
				CF4AC95924D3941200275A88 /* AppDelegate.swift in Sources */,
				CF86215B2537B58100427FB7 /* CarbRatioCell.swift in Sources */,
				CF4AC95B24D3941200275A88 /* SceneDelegate.swift in Sources */,
				CF86214525367F8300427FB7 /* CalculatorController.swift in Sources */,
				CF86214225367E2400427FB7 /* TabBarCoordinator.swift in Sources */,
				CF86215E2537CD7A00427FB7 /* SetCarbRatiosController.swift in Sources */,
				CF8621582537B45500427FB7 /* Constants.swift in Sources */,
				CF86213F25367E1200427FB7 /* Coordinator.swift in Sources */,
				CF86214C2536868300427FB7 /* UIColor+AppColors.swift in Sources */,
				CF86214825367F8D00427FB7 /* ProfileController.swift in Sources */,
				CF8621502537A73200427FB7 /* UnderlinedTextField.swift in Sources */,
			);
			runOnlyForDeploymentPostprocessing = 0;
		};
/* End PBXSourcesBuildPhase section */

/* Begin PBXVariantGroup section */
		CF4AC95E24D3941200275A88 /* Main.storyboard */ = {
			isa = PBXVariantGroup;
			children = (
				CF4AC95F24D3941200275A88 /* Base */,
			);
			name = Main.storyboard;
			sourceTree = "<group>";
		};
		CF4AC96324D3941800275A88 /* LaunchScreen.storyboard */ = {
			isa = PBXVariantGroup;
			children = (
				CF4AC96424D3941800275A88 /* Base */,
			);
			name = LaunchScreen.storyboard;
			sourceTree = "<group>";
		};
/* End PBXVariantGroup section */

/* Begin XCBuildConfiguration section */
		CF4AC96724D3941800275A88 /* Debug */ = {
			isa = XCBuildConfiguration;
			buildSettings = {
				ALWAYS_SEARCH_USER_PATHS = NO;
				CLANG_ANALYZER_NONNULL = YES;
				CLANG_ANALYZER_NUMBER_OBJECT_CONVERSION = YES_AGGRESSIVE;
				CLANG_CXX_LANGUAGE_STANDARD = "gnu++14";
				CLANG_CXX_LIBRARY = "libc++";
				CLANG_ENABLE_MODULES = YES;
				CLANG_ENABLE_OBJC_ARC = YES;
				CLANG_ENABLE_OBJC_WEAK = YES;
				CLANG_WARN_BLOCK_CAPTURE_AUTORELEASING = YES;
				CLANG_WARN_BOOL_CONVERSION = YES;
				CLANG_WARN_COMMA = YES;
				CLANG_WARN_CONSTANT_CONVERSION = YES;
				CLANG_WARN_DEPRECATED_OBJC_IMPLEMENTATIONS = YES;
				CLANG_WARN_DIRECT_OBJC_ISA_USAGE = YES_ERROR;
				CLANG_WARN_DOCUMENTATION_COMMENTS = YES;
				CLANG_WARN_EMPTY_BODY = YES;
				CLANG_WARN_ENUM_CONVERSION = YES;
				CLANG_WARN_INFINITE_RECURSION = YES;
				CLANG_WARN_INT_CONVERSION = YES;
				CLANG_WARN_NON_LITERAL_NULL_CONVERSION = YES;
				CLANG_WARN_OBJC_IMPLICIT_RETAIN_SELF = YES;
				CLANG_WARN_OBJC_LITERAL_CONVERSION = YES;
				CLANG_WARN_OBJC_ROOT_CLASS = YES_ERROR;
				CLANG_WARN_RANGE_LOOP_ANALYSIS = YES;
				CLANG_WARN_STRICT_PROTOTYPES = YES;
				CLANG_WARN_SUSPICIOUS_MOVE = YES;
				CLANG_WARN_UNGUARDED_AVAILABILITY = YES_AGGRESSIVE;
				CLANG_WARN_UNREACHABLE_CODE = YES;
				CLANG_WARN__DUPLICATE_METHOD_MATCH = YES;
				COPY_PHASE_STRIP = NO;
				DEBUG_INFORMATION_FORMAT = dwarf;
				ENABLE_STRICT_OBJC_MSGSEND = YES;
				ENABLE_TESTABILITY = YES;
				GCC_C_LANGUAGE_STANDARD = gnu11;
				GCC_DYNAMIC_NO_PIC = NO;
				GCC_NO_COMMON_BLOCKS = YES;
				GCC_OPTIMIZATION_LEVEL = 0;
				GCC_PREPROCESSOR_DEFINITIONS = (
					"DEBUG=1",
					"$(inherited)",
				);
				GCC_WARN_64_TO_32_BIT_CONVERSION = YES;
				GCC_WARN_ABOUT_RETURN_TYPE = YES_ERROR;
				GCC_WARN_UNDECLARED_SELECTOR = YES;
				GCC_WARN_UNINITIALIZED_AUTOS = YES_AGGRESSIVE;
				GCC_WARN_UNUSED_FUNCTION = YES;
				GCC_WARN_UNUSED_VARIABLE = YES;
				IPHONEOS_DEPLOYMENT_TARGET = 13.2;
				MTL_ENABLE_DEBUG_INFO = INCLUDE_SOURCE;
				MTL_FAST_MATH = YES;
				ONLY_ACTIVE_ARCH = YES;
				SDKROOT = iphoneos;
				SWIFT_ACTIVE_COMPILATION_CONDITIONS = DEBUG;
				SWIFT_OPTIMIZATION_LEVEL = "-Onone";
			};
			name = Debug;
		};
		CF4AC96824D3941800275A88 /* Release */ = {
			isa = XCBuildConfiguration;
			buildSettings = {
				ALWAYS_SEARCH_USER_PATHS = NO;
				CLANG_ANALYZER_NONNULL = YES;
				CLANG_ANALYZER_NUMBER_OBJECT_CONVERSION = YES_AGGRESSIVE;
				CLANG_CXX_LANGUAGE_STANDARD = "gnu++14";
				CLANG_CXX_LIBRARY = "libc++";
				CLANG_ENABLE_MODULES = YES;
				CLANG_ENABLE_OBJC_ARC = YES;
				CLANG_ENABLE_OBJC_WEAK = YES;
				CLANG_WARN_BLOCK_CAPTURE_AUTORELEASING = YES;
				CLANG_WARN_BOOL_CONVERSION = YES;
				CLANG_WARN_COMMA = YES;
				CLANG_WARN_CONSTANT_CONVERSION = YES;
				CLANG_WARN_DEPRECATED_OBJC_IMPLEMENTATIONS = YES;
				CLANG_WARN_DIRECT_OBJC_ISA_USAGE = YES_ERROR;
				CLANG_WARN_DOCUMENTATION_COMMENTS = YES;
				CLANG_WARN_EMPTY_BODY = YES;
				CLANG_WARN_ENUM_CONVERSION = YES;
				CLANG_WARN_INFINITE_RECURSION = YES;
				CLANG_WARN_INT_CONVERSION = YES;
				CLANG_WARN_NON_LITERAL_NULL_CONVERSION = YES;
				CLANG_WARN_OBJC_IMPLICIT_RETAIN_SELF = YES;
				CLANG_WARN_OBJC_LITERAL_CONVERSION = YES;
				CLANG_WARN_OBJC_ROOT_CLASS = YES_ERROR;
				CLANG_WARN_RANGE_LOOP_ANALYSIS = YES;
				CLANG_WARN_STRICT_PROTOTYPES = YES;
				CLANG_WARN_SUSPICIOUS_MOVE = YES;
				CLANG_WARN_UNGUARDED_AVAILABILITY = YES_AGGRESSIVE;
				CLANG_WARN_UNREACHABLE_CODE = YES;
				CLANG_WARN__DUPLICATE_METHOD_MATCH = YES;
				COPY_PHASE_STRIP = NO;
				DEBUG_INFORMATION_FORMAT = "dwarf-with-dsym";
				ENABLE_NS_ASSERTIONS = NO;
				ENABLE_STRICT_OBJC_MSGSEND = YES;
				GCC_C_LANGUAGE_STANDARD = gnu11;
				GCC_NO_COMMON_BLOCKS = YES;
				GCC_WARN_64_TO_32_BIT_CONVERSION = YES;
				GCC_WARN_ABOUT_RETURN_TYPE = YES_ERROR;
				GCC_WARN_UNDECLARED_SELECTOR = YES;
				GCC_WARN_UNINITIALIZED_AUTOS = YES_AGGRESSIVE;
				GCC_WARN_UNUSED_FUNCTION = YES;
				GCC_WARN_UNUSED_VARIABLE = YES;
				IPHONEOS_DEPLOYMENT_TARGET = 13.2;
				MTL_ENABLE_DEBUG_INFO = NO;
				MTL_FAST_MATH = YES;
				SDKROOT = iphoneos;
				SWIFT_COMPILATION_MODE = wholemodule;
				SWIFT_OPTIMIZATION_LEVEL = "-O";
				VALIDATE_PRODUCT = YES;
			};
			name = Release;
		};
		CF4AC96A24D3941800275A88 /* Debug */ = {
			isa = XCBuildConfiguration;
			baseConfigurationReference = 91E991E95A4DC180C9DEAEC2 /* Pods-Diabestie.debug.xcconfig */;
			buildSettings = {
				ASSETCATALOG_COMPILER_APPICON_NAME = AppIcon;
				CODE_SIGN_STYLE = Automatic;
				DEVELOPMENT_TEAM = HXYM5H2DXG;
				INFOPLIST_FILE = Diabestie/Info.plist;
				LD_RUNPATH_SEARCH_PATHS = (
					"$(inherited)",
					"@executable_path/Frameworks",
				);
				PRODUCT_BUNDLE_IDENTIFIER = com.anikamorris.Diabestie;
				PRODUCT_NAME = "$(TARGET_NAME)";
				SWIFT_VERSION = 5.0;
				TARGETED_DEVICE_FAMILY = "1,2";
			};
			name = Debug;
		};
		CF4AC96B24D3941800275A88 /* Release */ = {
			isa = XCBuildConfiguration;
			baseConfigurationReference = 99AC9C144339E417CCD8D41B /* Pods-Diabestie.release.xcconfig */;
			buildSettings = {
				ASSETCATALOG_COMPILER_APPICON_NAME = AppIcon;
				CODE_SIGN_STYLE = Automatic;
				DEVELOPMENT_TEAM = HXYM5H2DXG;
				INFOPLIST_FILE = Diabestie/Info.plist;
				LD_RUNPATH_SEARCH_PATHS = (
					"$(inherited)",
					"@executable_path/Frameworks",
				);
				PRODUCT_BUNDLE_IDENTIFIER = com.anikamorris.Diabestie;
				PRODUCT_NAME = "$(TARGET_NAME)";
				SWIFT_VERSION = 5.0;
				TARGETED_DEVICE_FAMILY = "1,2";
			};
			name = Release;
		};
/* End XCBuildConfiguration section */

/* Begin XCConfigurationList section */
		CF4AC95024D3941200275A88 /* Build configuration list for PBXProject "Diabestie" */ = {
			isa = XCConfigurationList;
			buildConfigurations = (
				CF4AC96724D3941800275A88 /* Debug */,
				CF4AC96824D3941800275A88 /* Release */,
			);
			defaultConfigurationIsVisible = 0;
			defaultConfigurationName = Release;
		};
		CF4AC96924D3941800275A88 /* Build configuration list for PBXNativeTarget "Diabestie" */ = {
			isa = XCConfigurationList;
			buildConfigurations = (
				CF4AC96A24D3941800275A88 /* Debug */,
				CF4AC96B24D3941800275A88 /* Release */,
			);
			defaultConfigurationIsVisible = 0;
			defaultConfigurationName = Release;
		};
/* End XCConfigurationList section */
	};
	rootObject = CF4AC94D24D3941200275A88 /* Project object */;
}
